
Microsoft Visual Studio Solution File, Format Version 12.00
# Visual Studio Version 16
VisualStudioVersion = 16.0.29613.14
MinimumVisualStudioVersion = 10.0.40219.1
Project("{FAE04EC0-301F-11D3-BF4B-00C04F79EFBC}") = "gRPCIktatoServer", "gRPCIktatoServer\gRPCIktatoServer.csproj", "{C7CAB448-8D4B-43F4-A53C-A64046F2867B}"
EndProject
Project("{FAE04EC0-301F-11D3-BF4B-00C04F79EFBC}") = "gRPCIktatoClient", "gRPCIktatoClient\gRPCIktatoClient.csproj", "{BDEB38BB-0D91-4D91-B315-87E59E014B7A}"
EndProject
Global
	GlobalSection(SolutionConfigurationPlatforms) = preSolution
		Debug|Any CPU = Debug|Any CPU
		Release|Any CPU = Release|Any CPU
	EndGlobalSection
	GlobalSection(ProjectConfigurationPlatforms) = postSolution
		{C7CAB448-8D4B-43F4-A53C-A64046F2867B}.Debug|Any CPU.ActiveCfg = Debug|Any CPU
		{C7CAB448-8D4B-43F4-A53C-A64046F2867B}.Debug|Any CPU.Build.0 = Debug|Any CPU
		{C7CAB448-8D4B-43F4-A53C-A64046F2867B}.Release|Any CPU.ActiveCfg = Release|Any CPU
		{C7CAB448-8D4B-43F4-A53C-A64046F2867B}.Release|Any CPU.Build.0 = Release|Any CPU
		{BDEB38BB-0D91-4D91-B315-87E59E014B7A}.Debug|Any CPU.ActiveCfg = Debug|Any CPU
		{BDEB38BB-0D91-4D91-B315-87E59E014B7A}.Debug|Any CPU.Build.0 = Debug|Any CPU
		{BDEB38BB-0D91-4D91-B315-87E59E014B7A}.Release|Any CPU.ActiveCfg = Release|Any CPU
		{BDEB38BB-0D91-4D91-B315-87E59E014B7A}.Release|Any CPU.Build.0 = Release|Any CPU
	EndGlobalSection
	GlobalSection(SolutionProperties) = preSolution
		HideSolutionNode = FALSE
	EndGlobalSection
	GlobalSection(ExtensibilityGlobals) = postSolution
		SolutionGuid = {8088501B-D69D-40EF-8A46-49DBBA2C2DE9}
	EndGlobalSection
EndGlobal
