
Microsoft Visual Studio Solution File, Format Version 12.00
# Visual Studio Version 16
VisualStudioVersion = 16.0.29613.14
MinimumVisualStudioVersion = 10.0.40219.1
Project("{FAE04EC0-301F-11D3-BF4B-00C04F79EFBC}") = "IktatogRPCClient", "IktatogRPCClient\IktatogRPCClient.csproj", "{06A92170-34E0-4C55-A61D-63ADCB50294D}"
EndProject
Project("{2150E333-8FDC-42A3-9474-1A3956D46DE8}") = "Solution Items", "Solution Items", "{26421D40-89D8-4ECB-9AAA-33D159E9DC6E}"
	ProjectSection(SolutionItems) = preProject
		.editorconfig = .editorconfig
	EndProjectSection
EndProject
Global
	GlobalSection(SolutionConfigurationPlatforms) = preSolution
		Debug|Any CPU = Debug|Any CPU
		Release|Any CPU = Release|Any CPU
	EndGlobalSection
	GlobalSection(ProjectConfigurationPlatforms) = postSolution
		{06A92170-34E0-4C55-A61D-63ADCB50294D}.Debug|Any CPU.ActiveCfg = Debug|Any CPU
		{06A92170-34E0-4C55-A61D-63ADCB50294D}.Debug|Any CPU.Build.0 = Debug|Any CPU
		{06A92170-34E0-4C55-A61D-63ADCB50294D}.Release|Any CPU.ActiveCfg = Release|Any CPU
		{06A92170-34E0-4C55-A61D-63ADCB50294D}.Release|Any CPU.Build.0 = Release|Any CPU
	EndGlobalSection
	GlobalSection(SolutionProperties) = preSolution
		HideSolutionNode = FALSE
	EndGlobalSection
	GlobalSection(ExtensibilityGlobals) = postSolution
		SolutionGuid = {D4F3E999-6154-4818-9F7E-D6584DB1619E}
	EndGlobalSection
EndGlobal
